
Microsoft Visual Studio Solution File, Format Version 12.00
# Visual Studio Version 17
VisualStudioVersion = 17.2.32519.379
MinimumVisualStudioVersion = 10.0.40219.1
Project("{9A19103F-16F7-4668-BE54-9A1E7A4F7556}") = "nh.health.msv", "nh.health.msv\nh.health.msv.csproj", "{38046969-F6F5-40BA-82DC-BAC40F3A92C3}"
EndProject
Project("{9A19103F-16F7-4668-BE54-9A1E7A4F7556}") = "nh.health.domain", "nh.health.domain\nh.health.domain.csproj", "{E383AE06-AE91-48A0-BC8F-A5ED685054D2}"
EndProject
Project("{9A19103F-16F7-4668-BE54-9A1E7A4F7556}") = "nh.health.infrastructure.dal.read", "nh.health.infrastructure.dal.read\nh.health.infrastructure.dal.read.csproj", "{8A13B0A9-1132-4387-923F-F9995614EBC4}"
EndProject
Project("{2150E333-8FDC-42A3-9474-1A3956D46DE8}") = "domain", "domain", "{DED7E350-B98E-48B3-9ACD-F9415DCADB7B}"
EndProject
Project("{2150E333-8FDC-42A3-9474-1A3956D46DE8}") = "infrastructure", "infrastructure", "{7B3B8041-2EFE-4081-942E-FBDE5A94FA91}"
EndProject
Project("{9A19103F-16F7-4668-BE54-9A1E7A4F7556}") = "nh.health.infrastructure.dal.command", "nh.health.infrastructure.dal.command\nh.health.infrastructure.dal.command.csproj", "{F64C0402-E57F-40E1-B2D9-7F4927053195}"
EndProject
Project("{2150E333-8FDC-42A3-9474-1A3956D46DE8}") = "microservice", "microservice", "{A147A998-56FF-479A-94A1-227007E6FEFB}"
EndProject
Global
	GlobalSection(SolutionConfigurationPlatforms) = preSolution
		Debug|Any CPU = Debug|Any CPU
		Release|Any CPU = Release|Any CPU
	EndGlobalSection
	GlobalSection(ProjectConfigurationPlatforms) = postSolution
		{38046969-F6F5-40BA-82DC-BAC40F3A92C3}.Debug|Any CPU.ActiveCfg = Debug|Any CPU
		{38046969-F6F5-40BA-82DC-BAC40F3A92C3}.Debug|Any CPU.Build.0 = Debug|Any CPU
		{38046969-F6F5-40BA-82DC-BAC40F3A92C3}.Release|Any CPU.ActiveCfg = Release|Any CPU
		{38046969-F6F5-40BA-82DC-BAC40F3A92C3}.Release|Any CPU.Build.0 = Release|Any CPU
		{E383AE06-AE91-48A0-BC8F-A5ED685054D2}.Debug|Any CPU.ActiveCfg = Debug|Any CPU
		{E383AE06-AE91-48A0-BC8F-A5ED685054D2}.Debug|Any CPU.Build.0 = Debug|Any CPU
		{E383AE06-AE91-48A0-BC8F-A5ED685054D2}.Release|Any CPU.ActiveCfg = Release|Any CPU
		{E383AE06-AE91-48A0-BC8F-A5ED685054D2}.Release|Any CPU.Build.0 = Release|Any CPU
		{8A13B0A9-1132-4387-923F-F9995614EBC4}.Debug|Any CPU.ActiveCfg = Debug|Any CPU
		{8A13B0A9-1132-4387-923F-F9995614EBC4}.Debug|Any CPU.Build.0 = Debug|Any CPU
		{8A13B0A9-1132-4387-923F-F9995614EBC4}.Release|Any CPU.ActiveCfg = Release|Any CPU
		{8A13B0A9-1132-4387-923F-F9995614EBC4}.Release|Any CPU.Build.0 = Release|Any CPU
		{F64C0402-E57F-40E1-B2D9-7F4927053195}.Debug|Any CPU.ActiveCfg = Debug|Any CPU
		{F64C0402-E57F-40E1-B2D9-7F4927053195}.Debug|Any CPU.Build.0 = Debug|Any CPU
		{F64C0402-E57F-40E1-B2D9-7F4927053195}.Release|Any CPU.ActiveCfg = Release|Any CPU
		{F64C0402-E57F-40E1-B2D9-7F4927053195}.Release|Any CPU.Build.0 = Release|Any CPU
	EndGlobalSection
	GlobalSection(SolutionProperties) = preSolution
		HideSolutionNode = FALSE
	EndGlobalSection
	GlobalSection(NestedProjects) = preSolution
		{38046969-F6F5-40BA-82DC-BAC40F3A92C3} = {A147A998-56FF-479A-94A1-227007E6FEFB}
		{E383AE06-AE91-48A0-BC8F-A5ED685054D2} = {DED7E350-B98E-48B3-9ACD-F9415DCADB7B}
		{8A13B0A9-1132-4387-923F-F9995614EBC4} = {7B3B8041-2EFE-4081-942E-FBDE5A94FA91}
		{F64C0402-E57F-40E1-B2D9-7F4927053195} = {7B3B8041-2EFE-4081-942E-FBDE5A94FA91}
	EndGlobalSection
	GlobalSection(ExtensibilityGlobals) = postSolution
		SolutionGuid = {BFF8C6FC-A3A5-4EDB-A439-A812339D22C2}
	EndGlobalSection
EndGlobal
